github.com/g3n/engine v0.1.0 h1:e+HR/X4awny6sVx0CikNG/KyH17nXNR3CIyqDJaAI30=
github.com/g3n/engine v0.1.0/go.mod h1:gH3V0Zq2oM9UlI9Y+HGVkAGaUsrjHMC8d0Eiz2URXyI=
github.com/pkg/errors v0.9.1 h1:FEBLx1zS214owpjy7qsBeixbURkuhQAwrK5UwLGTwt4=
github.com/pkg/errors v0.9.1/go.mod h1:bwawxfHBFNV+L2hUp1rHADufV3IMtnDRdf1r5NINEl0=
